
Microsoft Visual Studio Solution File, Format Version 12.00
# Visual Studio Version 17
VisualStudioVersion = 17.14.36301.6 d17.14
MinimumVisualStudioVersion = 10.0.40219.1
Project("{FAE04EC0-301F-11D3-BF4B-00C04F79EFBC}") = "BoardGamesAPI", "BoardGamesAPI\BoardGamesAPI.csproj", "{F596D6A8-D19D-4B6E-832A-DFBC9854B502}"
EndProject
Global
	GlobalSection(SolutionConfigurationPlatforms) = preSolution
		Debug|Any CPU = Debug|Any CPU
		Release|Any CPU = Release|Any CPU
	EndGlobalSection
	GlobalSection(ProjectConfigurationPlatforms) = postSolution
		{F596D6A8-D19D-4B6E-832A-DFBC9854B502}.Debug|Any CPU.ActiveCfg = Debug|Any CPU
		{F596D6A8-D19D-4B6E-832A-DFBC9854B502}.Debug|Any CPU.Build.0 = Debug|Any CPU
		{F596D6A8-D19D-4B6E-832A-DFBC9854B502}.Release|Any CPU.ActiveCfg = Release|Any CPU
		{F596D6A8-D19D-4B6E-832A-DFBC9854B502}.Release|Any CPU.Build.0 = Release|Any CPU
	EndGlobalSection
	GlobalSection(SolutionProperties) = preSolution
		HideSolutionNode = FALSE
	EndGlobalSection
	GlobalSection(ExtensibilityGlobals) = postSolution
		SolutionGuid = {5BBA7964-7B54-4D08-ABC6-65EFF413B391}
	EndGlobalSection
EndGlobal
